// !$*UTF8*$!
{
	archiveVersion = 1;
	classes = {
	};
	objectVersion = 48;
	objects = {

/* Begin PBXBuildFile section */
		237C8E141FB982B400023A71 /* 1.png in Resources */ = {isa = PBXBuildFile; fileRef = 237C8E131FB982B400023A71 /* 1.png */; };
		23B2AF931FB54FCC00995F89 /* AppDelegate.m in Sources */ = {isa = PBXBuildFile; fileRef = 23B2AF921FB54FCC00995F89 /* AppDelegate.m */; };
		23B2AF961FB54FCC00995F89 /* ViewController.m in Sources */ = {isa = PBXBuildFile; fileRef = 23B2AF951FB54FCC00995F89 /* ViewController.m */; };
		23B2AF991FB54FCC00995F89 /* Main.storyboard in Resources */ = {isa = PBXBuildFile; fileRef = 23B2AF971FB54FCC00995F89 /* Main.storyboard */; };
		23B2AF9B1FB54FCC00995F89 /* Assets.xcassets in Resources */ = {isa = PBXBuildFile; fileRef = 23B2AF9A1FB54FCC00995F89 /* Assets.xcassets */; };
		23B2AF9E1FB54FCC00995F89 /* LaunchScreen.storyboard in Resources */ = {isa = PBXBuildFile; fileRef = 23B2AF9C1FB54FCC00995F89 /* LaunchScreen.storyboard */; };
		23B2AFA11FB54FCC00995F89 /* main.m in Sources */ = {isa = PBXBuildFile; fileRef = 23B2AFA01FB54FCC00995F89 /* main.m */; };
		23B2AFA91FB5551B00995F89 /* XXSlideView.m in Sources */ = {isa = PBXBuildFile; fileRef = 23B2AFA81FB5551B00995F89 /* XXSlideView.m */; };
		23B597621FB98827008BA6C9 /* 2.png in Resources */ = {isa = PBXBuildFile; fileRef = 23B597611FB98827008BA6C9 /* 2.png */; };
		23B597641FB9882B008BA6C9 /* 3.png in Resources */ = {isa = PBXBuildFile; fileRef = 23B597631FB9882B008BA6C9 /* 3.png */; };
/* End PBXBuildFile section */

/* Begin PBXFileReference section */
		237C8E131FB982B400023A71 /* 1.png */ = {isa = PBXFileReference; lastKnownFileType = image.png; path = 1.png; sourceTree = "<group>"; };
		23B2AF8E1FB54FCB00995F89 /* XXSlide.app */ = {isa = PBXFileReference; explicitFileType = wrapper.application; includeInIndex = 0; path = XXSlide.app; sourceTree = BUILT_PRODUCTS_DIR; };
		23B2AF911FB54FCC00995F89 /* AppDelegate.h */ = {isa = PBXFileReference; lastKnownFileType = sourcecode.c.h; path = AppDelegate.h; sourceTree = "<group>"; };
		23B2AF921FB54FCC00995F89 /* AppDelegate.m */ = {isa = PBXFileReference; lastKnownFileType = sourcecode.c.objc; path = AppDelegate.m; sourceTree = "<group>"; };
		23B2AF941FB54FCC00995F89 /* ViewController.h */ = {isa = PBXFileReference; lastKnownFileType = sourcecode.c.h; path = ViewController.h; sourceTree = "<group>"; };
		23B2AF951FB54FCC00995F89 /* ViewController.m */ = {isa = PBXFileReference; lastKnownFileType = sourcecode.c.objc; path = ViewController.m; sourceTree = "<group>"; };
		23B2AF981FB54FCC00995F89 /* Base */ = {isa = PBXFileReference; lastKnownFileType = file.storyboard; name = Base; path = Base.lproj/Main.storyboard; sourceTree = "<group>"; };
		23B2AF9A1FB54FCC00995F89 /* Assets.xcassets */ = {isa = PBXFileReference; lastKnownFileType = folder.assetcatalog; path = Assets.xcassets; sourceTree = "<group>"; };
		23B2AF9D1FB54FCC00995F89 /* Base */ = {isa = PBXFileReference; lastKnownFileType = file.storyboard; name = Base; path = Base.lproj/LaunchScreen.storyboard; sourceTree = "<group>"; };
		23B2AF9F1FB54FCC00995F89 /* Info.plist */ = {isa = PBXFileReference; lastKnownFileType = text.plist.xml; path = Info.plist; sourceTree = "<group>"; };
		23B2AFA01FB54FCC00995F89 /* main.m */ = {isa = PBXFileReference; lastKnownFileType = sourcecode.c.objc; path = main.m; sourceTree = "<group>"; };
		23B2AFA71FB5551B00995F89 /* XXSlideView.h */ = {isa = PBXFileReference; lastKnownFileType = sourcecode.c.h; path = XXSlideView.h; sourceTree = "<group>"; };
		23B2AFA81FB5551B00995F89 /* XXSlideView.m */ = {isa = PBXFileReference; lastKnownFileType = sourcecode.c.objc; path = XXSlideView.m; sourceTree = "<group>"; };
		23B597611FB98827008BA6C9 /* 2.png */ = {isa = PBXFileReference; lastKnownFileType = image.png; path = 2.png; sourceTree = "<group>"; };
		23B597631FB9882B008BA6C9 /* 3.png */ = {isa = PBXFileReference; lastKnownFileType = image.png; path = 3.png; sourceTree = "<group>"; };
/* End PBXFileReference section */

/* Begin PBXFrameworksBuildPhase section */
		23B2AF8B1FB54FCB00995F89 /* Frameworks */ = {
			isa = PBXFrameworksBuildPhase;
			buildActionMask = 2147483647;
			files = (
			);
			runOnlyForDeploymentPostprocessing = 0;
		};
/* End PBXFrameworksBuildPhase section */

/* Begin PBXGroup section */
		23B2AF851FB54FCB00995F89 = {
			isa = PBXGroup;
			children = (
				23B2AF901FB54FCB00995F89 /* XXSlide */,
				23B2AF8F1FB54FCB00995F89 /* Products */,
			);
			sourceTree = "<group>";
		};
		23B2AF8F1FB54FCB00995F89 /* Products */ = {
			isa = PBXGroup;
			children = (
				23B2AF8E1FB54FCB00995F89 /* XXSlide.app */,
			);
			name = Products;
			sourceTree = "<group>";
		};
		23B2AF901FB54FCB00995F89 /* XXSlide */ = {
			isa = PBXGroup;
			children = (
				23B597631FB9882B008BA6C9 /* 3.png */,
				23B597611FB98827008BA6C9 /* 2.png */,
				237C8E131FB982B400023A71 /* 1.png */,
				23B2AF911FB54FCC00995F89 /* AppDelegate.h */,
				23B2AF921FB54FCC00995F89 /* AppDelegate.m */,
				23B2AF941FB54FCC00995F89 /* ViewController.h */,
				23B2AF951FB54FCC00995F89 /* ViewController.m */,
				23B2AFA71FB5551B00995F89 /* XXSlideView.h */,
				23B2AFA81FB5551B00995F89 /* XXSlideView.m */,
				23B2AF971FB54FCC00995F89 /* Main.storyboard */,
				23B2AF9A1FB54FCC00995F89 /* Assets.xcassets */,
				23B2AF9C1FB54FCC00995F89 /* LaunchScreen.storyboard */,
				23B2AF9F1FB54FCC00995F89 /* Info.plist */,
				23B2AFA01FB54FCC00995F89 /* main.m */,
			);
			path = XXSlide;
			sourceTree = "<group>";
		};
/* End PBXGroup section */

/* Begin PBXNativeTarget section */
		23B2AF8D1FB54FCB00995F89 /* XXSlide */ = {
			isa = PBXNativeTarget;
			buildConfigurationList = 23B2AFA41FB54FCC00995F89 /* Build configuration list for PBXNativeTarget "XXSlide" */;
			buildPhases = (
				23B2AF8A1FB54FCB00995F89 /* Sources */,
				23B2AF8B1FB54FCB00995F89 /* Frameworks */,
				23B2AF8C1FB54FCB00995F89 /* Resources */,
			);
			buildRules = (
			);
			dependencies = (
			);
			name = XXSlide;
			productName = XXSlide;
			productReference = 23B2AF8E1FB54FCB00995F89 /* XXSlide.app */;
			productType = "com.apple.product-type.application";
		};
/* End PBXNativeTarget section */

/* Begin PBXProject section */
		23B2AF861FB54FCB00995F89 /* Project object */ = {
			isa = PBXProject;
			attributes = {
				LastUpgradeCheck = 0910;
				ORGANIZATIONNAME = wangxiaoxuan;
				TargetAttributes = {
					23B2AF8D1FB54FCB00995F89 = {
						CreatedOnToolsVersion = 9.1;
						ProvisioningStyle = Automatic;
					};
				};
			};
			buildConfigurationList = 23B2AF891FB54FCB00995F89 /* Build configuration list for PBXProject "XXSlide" */;
			compatibilityVersion = "Xcode 8.0";
			developmentRegion = en;
			hasScannedForEncodings = 0;
			knownRegions = (
				en,
				Base,
			);
			mainGroup = 23B2AF851FB54FCB00995F89;
			productRefGroup = 23B2AF8F1FB54FCB00995F89 /* Products */;
			projectDirPath = "";
			projectRoot = "";
			targets = (
				23B2AF8D1FB54FCB00995F89 /* XXSlide */,
			);
		};
/* End PBXProject section */

/* Begin PBXResourcesBuildPhase section */
		23B2AF8C1FB54FCB00995F89 /* Resources */ = {
			isa = PBXResourcesBuildPhase;
			buildActionMask = 2147483647;
			files = (
				23B2AF9E1FB54FCC00995F89 /* LaunchScreen.storyboard in Resources */,
				237C8E141FB982B400023A71 /* 1.png in Resources */,
				23B597621FB98827008BA6C9 /* 2.png in Resources */,
				23B597641FB9882B008BA6C9 /* 3.png in Resources */,
				23B2AF9B1FB54FCC00995F89 /* Assets.xcassets in Resources */,
				23B2AF991FB54FCC00995F89 /* Main.storyboard in Resources */,
			);
			runOnlyForDeploymentPostprocessing = 0;
		};
/* End PBXResourcesBuildPhase section */

/* Begin PBXSourcesBuildPhase section */
		23B2AF8A1FB54FCB00995F89 /* Sources */ = {
			isa = PBXSourcesBuildPhase;
			buildActionMask = 2147483647;
			files = (
				23B2AFA91FB5551B00995F89 /* XXSlideView.m in Sources */,
				23B2AF961FB54FCC00995F89 /* ViewController.m in Sources */,
				23B2AFA11FB54FCC00995F89 /* main.m in Sources */,
				23B2AF931FB54FCC00995F89 /* AppDelegate.m in Sources */,
			);
			runOnlyForDeploymentPostprocessing = 0;
		};
/* End PBXSourcesBuildPhase section */

/* Begin PBXVariantGroup section */
		23B2AF971FB54FCC00995F89 /* Main.storyboard */ = {
			isa = PBXVariantGroup;
			children = (
				23B2AF981FB54FCC00995F89 /* Base */,
			);
			name = Main.storyboard;
			sourceTree = "<group>";
		};
		23B2AF9C1FB54FCC00995F89 /* LaunchScreen.storyboard */ = {
			isa = PBXVariantGroup;
			children = (
				23B2AF9D1FB54FCC00995F89 /* Base */,
			);
			name = LaunchScreen.storyboard;
			sourceTree = "<group>";
		};
/* End PBXVariantGroup section */

/* Begin XCBuildConfiguration section */
		23B2AFA21FB54FCC00995F89 /* Debug */ = {
			isa = XCBuildConfiguration;
			buildSettings = {
				ALWAYS_SEARCH_USER_PATHS = NO;
				CLANG_ANALYZER_NONNULL = YES;
				CLANG_ANALYZER_NUMBER_OBJECT_CONVERSION = YES_AGGRESSIVE;
				CLANG_CXX_LANGUAGE_STANDARD = "gnu++14";
				CLANG_CXX_LIBRARY = "libc++";
				CLANG_ENABLE_MODULES = YES;
				CLANG_ENABLE_OBJC_ARC = YES;
				CLANG_WARN_BLOCK_CAPTURE_AUTORELEASING = YES;
				CLANG_WARN_BOOL_CONVERSION = YES;
				CLANG_WARN_COMMA = YES;
				CLANG_WARN_CONSTANT_CONVERSION = YES;
				CLANG_WARN_DIRECT_OBJC_ISA_USAGE = YES_ERROR;
				CLANG_WARN_DOCUMENTATION_COMMENTS = YES;
				CLANG_WARN_EMPTY_BODY = YES;
				CLANG_WARN_ENUM_CONVERSION = YES;
				CLANG_WARN_INFINITE_RECURSION = YES;
				CLANG_WARN_INT_CONVERSION = YES;
				CLANG_WARN_NON_LITERAL_NULL_CONVERSION = YES;
				CLANG_WARN_OBJC_LITERAL_CONVERSION = YES;
				CLANG_WARN_OBJC_ROOT_CLASS = YES_ERROR;
				CLANG_WARN_RANGE_LOOP_ANALYSIS = YES;
				CLANG_WARN_STRICT_PROTOTYPES = YES;
				CLANG_WARN_SUSPICIOUS_MOVE = YES;
				CLANG_WARN_UNGUARDED_AVAILABILITY = YES_AGGRESSIVE;
				CLANG_WARN_UNREACHABLE_CODE = YES;
				CLANG_WARN__DUPLICATE_METHOD_MATCH = YES;
				CODE_SIGN_IDENTITY = "iPhone Developer";
				COPY_PHASE_STRIP = NO;
				DEBUG_INFORMATION_FORMAT = dwarf;
				ENABLE_STRICT_OBJC_MSGSEND = YES;
				ENABLE_TESTABILITY = YES;
				GCC_C_LANGUAGE_STANDARD = gnu11;
				GCC_DYNAMIC_NO_PIC = NO;
				GCC_NO_COMMON_BLOCKS = YES;
				GCC_OPTIMIZATION_LEVEL = 0;
				GCC_PREPROCESSOR_DEFINITIONS = (
					"DEBUG=1",
					"$(inherited)",
				);
				GCC_WARN_64_TO_32_BIT_CONVERSION = YES;
				GCC_WARN_ABOUT_RETURN_TYPE = YES_ERROR;
				GCC_WARN_UNDECLARED_SELECTOR = YES;
				GCC_WARN_UNINITIALIZED_AUTOS = YES_AGGRESSIVE;
				GCC_WARN_UNUSED_FUNCTION = YES;
				GCC_WARN_UNUSED_VARIABLE = YES;
				IPHONEOS_DEPLOYMENT_TARGET = 11.1;
				MTL_ENABLE_DEBUG_INFO = YES;
				ONLY_ACTIVE_ARCH = YES;
				SDKROOT = iphoneos;
			};
			name = Debug;
		};
		23B2AFA31FB54FCC00995F89 /* Release */ = {
			isa = XCBuildConfiguration;
			buildSettings = {
				ALWAYS_SEARCH_USER_PATHS = NO;
				CLANG_ANALYZER_NONNULL = YES;
				CLANG_ANALYZER_NUMBER_OBJECT_CONVERSION = YES_AGGRESSIVE;
				CLANG_CXX_LANGUAGE_STANDARD = "gnu++14";
				CLANG_CXX_LIBRARY = "libc++";
				CLANG_ENABLE_MODULES = YES;
				CLANG_ENABLE_OBJC_ARC = YES;
				CLANG_WARN_BLOCK_CAPTURE_AUTORELEASING = YES;
				CLANG_WARN_BOOL_CONVERSION = YES;
				CLANG_WARN_COMMA = YES;
				CLANG_WARN_CONSTANT_CONVERSION = YES;
				CLANG_WARN_DIRECT_OBJC_ISA_USAGE = YES_ERROR;
				CLANG_WARN_DOCUMENTATION_COMMENTS = YES;
				CLANG_WARN_EMPTY_BODY = YES;
				CLANG_WARN_ENUM_CONVERSION = YES;
				CLANG_WARN_INFINITE_RECURSION = YES;
				CLANG_WARN_INT_CONVERSION = YES;
				CLANG_WARN_NON_LITERAL_NULL_CONVERSION = YES;
				CLANG_WARN_OBJC_LITERAL_CONVERSION = YES;
				CLANG_WARN_OBJC_ROOT_CLASS = YES_ERROR;
				CLANG_WARN_RANGE_LOOP_ANALYSIS = YES;
				CLANG_WARN_STRICT_PROTOTYPES = YES;
				CLANG_WARN_SUSPICIOUS_MOVE = YES;
				CLANG_WARN_UNGUARDED_AVAILABILITY = YES_AGGRESSIVE;
				CLANG_WARN_UNREACHABLE_CODE = YES;
				CLANG_WARN__DUPLICATE_METHOD_MATCH = YES;
				CODE_SIGN_IDENTITY = "iPhone Developer";
				COPY_PHASE_STRIP = NO;
				DEBUG_INFORMATION_FORMAT = "dwarf-with-dsym";
				ENABLE_NS_ASSERTIONS = NO;
				ENABLE_STRICT_OBJC_MSGSEND = YES;
				GCC_C_LANGUAGE_STANDARD = gnu11;
				GCC_NO_COMMON_BLOCKS = YES;
				GCC_WARN_64_TO_32_BIT_CONVERSION = YES;
				GCC_WARN_ABOUT_RETURN_TYPE = YES_ERROR;
				GCC_WARN_UNDECLARED_SELECTOR = YES;
				GCC_WARN_UNINITIALIZED_AUTOS = YES_AGGRESSIVE;
				GCC_WARN_UNUSED_FUNCTION = YES;
				GCC_WARN_UNUSED_VARIABLE = YES;
				IPHONEOS_DEPLOYMENT_TARGET = 11.1;
				MTL_ENABLE_DEBUG_INFO = NO;
				SDKROOT = iphoneos;
				VALIDATE_PRODUCT = YES;
			};
			name = Release;
		};
		23B2AFA51FB54FCC00995F89 /* Debug */ = {
			isa = XCBuildConfiguration;
			buildSettings = {
				ASSETCATALOG_COMPILER_APPICON_NAME = AppIcon;
				CODE_SIGN_STYLE = Automatic;
				DEVELOPMENT_TEAM = ZYGWS6267M;
				INFOPLIST_FILE = XXSlide/Info.plist;
				LD_RUNPATH_SEARCH_PATHS = "$(inherited) @executable_path/Frameworks";
				PRODUCT_BUNDLE_IDENTIFIER = itouzi.XXSlide;
				PRODUCT_NAME = "$(TARGET_NAME)";
				TARGETED_DEVICE_FAMILY = "1,2";
			};
			name = Debug;
		};
		23B2AFA61FB54FCC00995F89 /* Release */ = {
			isa = XCBuildConfiguration;
			buildSettings = {
				ASSETCATALOG_COMPILER_APPICON_NAME = AppIcon;
				CODE_SIGN_STYLE = Automatic;
				DEVELOPMENT_TEAM = ZYGWS6267M;
				INFOPLIST_FILE = XXSlide/Info.plist;
				LD_RUNPATH_SEARCH_PATHS = "$(inherited) @executable_path/Frameworks";
				PRODUCT_BUNDLE_IDENTIFIER = itouzi.XXSlide;
				PRODUCT_NAME = "$(TARGET_NAME)";
				TARGETED_DEVICE_FAMILY = "1,2";
			};
			name = Release;
		};
/* End XCBuildConfiguration section */

/* Begin XCConfigurationList section */
		23B2AF891FB54FCB00995F89 /* Build configuration list for PBXProject "XXSlide" */ = {
			isa = XCConfigurationList;
			buildConfigurations = (
				23B2AFA21FB54FCC00995F89 /* Debug */,
				23B2AFA31FB54FCC00995F89 /* Release */,
			);
			defaultConfigurationIsVisible = 0;
			defaultConfigurationName = Release;
		};
		23B2AFA41FB54FCC00995F89 /* Build configuration list for PBXNativeTarget "XXSlide" */ = {
			isa = XCConfigurationList;
			buildConfigurations = (
				23B2AFA51FB54FCC00995F89 /* Debug */,
				23B2AFA61FB54FCC00995F89 /* Release */,
			);
			defaultConfigurationIsVisible = 0;
			defaultConfigurationName = Release;
		};
/* End XCConfigurationList section */
	};
	rootObject = 23B2AF861FB54FCB00995F89 /* Project object */;
}
